# THIS IS AN AUTOGENERATED FILE. DO NOT EDIT THIS FILE DIRECTLY.
# yarn lockfile v1


"@khanacademy/tota11y@^0.2.0":
  version "0.2.0"
  resolved "https://registry.yarnpkg.com/@khanacademy/tota11y/-/tota11y-0.2.0.tgz#35f184ca1ed09ba1f237350e4c514e2b8e176de3"
  integrity sha512-myvvtej7h/KQBPZAQ1XsJNrh7teEpN+qUwtVU6+t8U4Kf9/SnOlGpfxM2833Dlc0bORw+VJSwmHk/v5BNcPF1w==

animate.css@^4.1.1:
  version "4.1.1"
  resolved "https://registry.yarnpkg.com/animate.css/-/animate.css-4.1.1.tgz#614ec5a81131d7e4dc362a58143f7406abd68075"
  integrity sha512-+mRmCTv6SbCmtYJCN4faJMNFVNN5EuCTTprDTAo7YzIGji2KADmakjVA3+8mVDkZ2Bf09vayB35lSQIex2+QaQ==
